Microsoft Visual Studio Solution File, Format Version 12.00
# Visual Studio Version 17
VisualStudioVersion = 17.5.2.0
MinimumVisualStudioVersion = 10.0.40219.1
Project("{FAE04EC0-301F-11D3-BF4B-00C04F79EFBC}") = "OidcClientDemoApplication", "OidcClientDemoApplication.csproj", "{1918979F-F767-F972-F29D-05BDC2A5D8CF}"
EndProject
Global
	GlobalSection(SolutionConfigurationPlatforms) = preSolution
		Debug|Any CPU = Debug|Any CPU
		Release|Any CPU = Release|Any CPU
	EndGlobalSection
	GlobalSection(ProjectConfigurationPlatforms) = postSolution
		{1918979F-F767-F972-F29D-05BDC2A5D8CF}.Debug|Any CPU.ActiveCfg = Debug|Any CPU
		{1918979F-F767-F972-F29D-05BDC2A5D8CF}.Debug|Any CPU.Build.0 = Debug|Any CPU
		{1918979F-F767-F972-F29D-05BDC2A5D8CF}.Release|Any CPU.ActiveCfg = Release|Any CPU
		{1918979F-F767-F972-F29D-05BDC2A5D8CF}.Release|Any CPU.Build.0 = Release|Any CPU
	EndGlobalSection
	GlobalSection(SolutionProperties) = preSolution
		HideSolutionNode = FALSE
	EndGlobalSection
	GlobalSection(ExtensibilityGlobals) = postSolution
		SolutionGuid = {2BB8A961-81E9-401B-9752-21697683AF05}
	EndGlobalSection
EndGlobal
